
Microsoft Visual Studio Solution File, Format Version 12.00
# Visual Studio Version 16
VisualStudioVersion = 16.0.28803.352
MinimumVisualStudioVersion = 10.0.40219.1
Project("{FAE04EC0-301F-11D3-BF4B-00C04F79EFBC}") = "tokenlogin", "tokenlogin\tokenlogin.csproj", "{3F93ADDA-45C6-46FF-B84C-C464362DECF9}"
EndProject
Global
	GlobalSection(SolutionConfigurationPlatforms) = preSolution
		Debug|Any CPU = Debug|Any CPU
		Release|Any CPU = Release|Any CPU
	EndGlobalSection
	GlobalSection(ProjectConfigurationPlatforms) = postSolution
		{3F93ADDA-45C6-46FF-B84C-C464362DECF9}.Debug|Any CPU.ActiveCfg = Debug|Any CPU
		{3F93ADDA-45C6-46FF-B84C-C464362DECF9}.Debug|Any CPU.Build.0 = Debug|Any CPU
		{3F93ADDA-45C6-46FF-B84C-C464362DECF9}.Release|Any CPU.ActiveCfg = Release|Any CPU
		{3F93ADDA-45C6-46FF-B84C-C464362DECF9}.Release|Any CPU.Build.0 = Release|Any CPU
	EndGlobalSection
	GlobalSection(SolutionProperties) = preSolution
		HideSolutionNode = FALSE
	EndGlobalSection
	GlobalSection(ExtensibilityGlobals) = postSolution
		SolutionGuid = {EE9E8AC6-BCD3-4C45-BDEF-526011679E4A}
	EndGlobalSection
EndGlobal
